PODS:
  - bccm_player (0.0.1):
    - Flutter
    - google-cast-sdk (= 4.8.3)
    - NpawPluginPkg (= 7.3.6)
    - Protobuf (~> 3.13)
  - Flutter (1.0.0)
  - GCDWebServer (3.5.9)
  - google-cast-sdk (4.8.3):
    - Protobuf (~> 3.13)
  - NpawPluginPkg (7.3.6):
    - GCDWebServer (= 3.5.9)
  - Protobuf (3.28.2)

DEPENDENCIES:
  - bccm_player (from `.symlinks/plugins/bccm_player/ios`)
  - Flutter (from `Flutter`)
  - NpawPluginPkg (= 7.3.6)

SPEC REPOS:
  http://bitbucket.org/npaw/plugin-ios-cocoapods.git:
    - GCDWebServer
    - NpawPluginPkg
  trunk:
    - google-cast-sdk
    - Protobuf

EXTERNAL SOURCES:
  bccm_player:
    :path: ".symlinks/plugins/bccm_player/ios"
  Flutter:
    :path: Flutter

SPEC CHECKSUMS:
  bccm_player: 2feedff021cdc577dbe81cb93f909db733d17d66
  Flutter: cabc95a1d2626b1b06e7179b784ebcf0c0cde467
  GCDWebServer: baef69ed4f6f8bd69b2be47e08797ab1b8cbad29
  google-cast-sdk: 1fb6724e94cc5ff23b359176e0cf6360586bb97a
  NpawPluginPkg: 8c758cbac896f97980065f7b9fff1f62fb093004
  Protobuf: 28c89b24435762f60244e691544ed80f50d82701

PODFILE CHECKSUM: 97fcd148e1093e86d6efeb06748f8663dbfb8f3e

COCOAPODS: 1.16.2
