PODS:
  - bccm_player (0.0.1):
    - Flutter
    - google-cast-sdk (= 4.8.3)
    - NpawPluginPkg (= 7.3.6)
    - Protobuf (~> 3.13)
  - connectivity_plus (0.0.1):
    - Flutter
  - Flutter (1.0.0)
  - GCDWebServer (3.5.9)
  - google-cast-sdk (4.8.3):
    - Protobuf (~> 3.13)
  - NpawPluginPkg (7.3.6):
    - GCDWebServer (= 3.5.9)
  - package_info_plus (0.4.5):
    - Flutter
  - Protobuf (3.28.2)
  - wakelock_plus (0.0.1):
    - Flutter

DEPENDENCIES:
  - bccm_player (from `.symlinks/plugins/bccm_player/ios`)
  - connectivity_plus (from `.symlinks/plugins/connectivity_plus/ios`)
  - Flutter (from `Flutter`)
  - NpawPluginPkg (= 7.3.6)
  - package_info_plus (from `.symlinks/plugins/package_info_plus/ios`)
  - wakelock_plus (from `.symlinks/plugins/wakelock_plus/ios`)

SPEC REPOS:
  https://repo.plugin.npaw.com/release/plugin-ios-cocoapods.git:
    - GCDWebServer
    - NpawPluginPkg
  trunk:
    - google-cast-sdk
    - Protobuf

EXTERNAL SOURCES:
  bccm_player:
    :path: ".symlinks/plugins/bccm_player/ios"
  connectivity_plus:
    :path: ".symlinks/plugins/connectivity_plus/ios"
  Flutter:
    :path: Flutter
  package_info_plus:
    :path: ".symlinks/plugins/package_info_plus/ios"
  wakelock_plus:
    :path: ".symlinks/plugins/wakelock_plus/ios"

SPEC CHECKSUMS:
  bccm_player: 2feedff021cdc577dbe81cb93f909db733d17d66
  connectivity_plus: cb623214f4e1f6ef8fe7403d580fdad517d2f7dd
  Flutter: e0871f40cf51350855a761d2e70bf5af5b9b5de7
  GCDWebServer: baef69ed4f6f8bd69b2be47e08797ab1b8cbad29
  google-cast-sdk: 1fb6724e94cc5ff23b359176e0cf6360586bb97a
  NpawPluginPkg: 8c758cbac896f97980065f7b9fff1f62fb093004
  package_info_plus: af8e2ca6888548050f16fa2f1938db7b5a5df499
  Protobuf: 28c89b24435762f60244e691544ed80f50d82701
  wakelock_plus: e29112ab3ef0b318e58cfa5c32326458be66b556

PODFILE CHECKSUM: b802cb6dbaaedf3105cb938ee87669263a346458

COCOAPODS: 1.16.2
